
Microsoft Visual Studio Solution File, Format Version 12.00
# Visual Studio Version 17
VisualStudioVersion = 17.5.002.0
MinimumVisualStudioVersion = 10.0.40219.1
Project("{9A19103F-16F7-4668-BE54-9A1E7A4F7556}") = "Bootcamp-Randstad-Backend-com-.NET", "Bootcamp-Randstad-Backend-com-.NET.csproj", "{A5084D0C-CF08-4AA9-BA8D-E96A8555A98D}"
EndProject
Global
	GlobalSection(SolutionConfigurationPlatforms) = preSolution
		Debug|Any CPU = Debug|Any CPU
		Release|Any CPU = Release|Any CPU
	EndGlobalSection
	GlobalSection(ProjectConfigurationPlatforms) = postSolution
		{A5084D0C-CF08-4AA9-BA8D-E96A8555A98D}.Debug|Any CPU.ActiveCfg = Debug|Any CPU
		{A5084D0C-CF08-4AA9-BA8D-E96A8555A98D}.Debug|Any CPU.Build.0 = Debug|Any CPU
		{A5084D0C-CF08-4AA9-BA8D-E96A8555A98D}.Release|Any CPU.ActiveCfg = Release|Any CPU
		{A5084D0C-CF08-4AA9-BA8D-E96A8555A98D}.Release|Any CPU.Build.0 = Release|Any CPU
	EndGlobalSection
	GlobalSection(SolutionProperties) = preSolution
		HideSolutionNode = FALSE
	EndGlobalSection
	GlobalSection(ExtensibilityGlobals) = postSolution
		SolutionGuid = {91319312-C471-44C1-902E-8FE09549B1E1}
	EndGlobalSection
EndGlobal
