
Microsoft Visual Studio Solution File, Format Version 12.00
# Visual Studio Version 17
VisualStudioVersion = 17.5.002.0
MinimumVisualStudioVersion = 10.0.40219.1
Project("{9A19103F-16F7-4668-BE54-9A1E7A4F7556}") = "Bootcamp-Randstad-Backend-com-.NET", "Bootcamp-Randstad-Backend-com-.NET\Bootcamp-Randstad-Backend-com-.NET.csproj", "{54A926CE-794D-4383-AD53-E7C625CB0362}"
EndProject
Project("{FAE04EC0-301F-11D3-BF4B-00C04F79EFBC}") = "Bootcamp-Randstad-Backend-com-.NET.Common", "Bootcamp-Randstad-Backend-com-.NET.Common\Bootcamp-Randstad-Backend-com-.NET.Common.csproj", "{2402B965-EFD4-494F-A7A5-B75C825A7E0C}"
EndProject
Global
	GlobalSection(SolutionConfigurationPlatforms) = preSolution
		Debug|Any CPU = Debug|Any CPU
		Release|Any CPU = Release|Any CPU
	EndGlobalSection
	GlobalSection(ProjectConfigurationPlatforms) = postSolution
		{54A926CE-794D-4383-AD53-E7C625CB0362}.Debug|Any CPU.ActiveCfg = Debug|Any CPU
		{54A926CE-794D-4383-AD53-E7C625CB0362}.Debug|Any CPU.Build.0 = Debug|Any CPU
		{54A926CE-794D-4383-AD53-E7C625CB0362}.Release|Any CPU.ActiveCfg = Release|Any CPU
		{54A926CE-794D-4383-AD53-E7C625CB0362}.Release|Any CPU.Build.0 = Release|Any CPU
		{2402B965-EFD4-494F-A7A5-B75C825A7E0C}.Debug|Any CPU.ActiveCfg = Debug|Any CPU
		{2402B965-EFD4-494F-A7A5-B75C825A7E0C}.Debug|Any CPU.Build.0 = Debug|Any CPU
		{2402B965-EFD4-494F-A7A5-B75C825A7E0C}.Release|Any CPU.ActiveCfg = Release|Any CPU
		{2402B965-EFD4-494F-A7A5-B75C825A7E0C}.Release|Any CPU.Build.0 = Release|Any CPU
	EndGlobalSection
	GlobalSection(SolutionProperties) = preSolution
		HideSolutionNode = FALSE
	EndGlobalSection
	GlobalSection(ExtensibilityGlobals) = postSolution
		SolutionGuid = {91319312-C471-44C1-902E-8FE09549B1E1}
	EndGlobalSection
EndGlobal
